
Microsoft Visual Studio Solution File, Format Version 12.00
# Visual Studio Version 17
VisualStudioVersion = 17.0.31903.59
MinimumVisualStudioVersion = 10.0.40219.1
Project("{2150E333-8FDC-42A3-9474-1A3956D46DE8}") = "src", "src", "{827E0CD3-B72D-47B6-A68D-7590B98EB39B}"
EndProject
Project("{FAE04EC0-301F-11D3-BF4B-00C04F79EFBC}") = "Clipt.App", "src\Clipt.App\Clipt.App.csproj", "{018131B6-A46A-43CB-8834-DB9FF1C1814A}"
EndProject
Project("{FAE04EC0-301F-11D3-BF4B-00C04F79EFBC}") = "Clipt.Core", "src\Clipt.Core\Clipt.Core.csproj", "{B180CBF7-6BEF-4F16-A27C-0C40A778C20C}"
EndProject
Project("{FAE04EC0-301F-11D3-BF4B-00C04F79EFBC}") = "Clipt.Data", "src\Clipt.Data\Clipt.Data.csproj", "{1E961C30-D797-4549-AA06-291973D081BF}"
EndProject
Project("{FAE04EC0-301F-11D3-BF4B-00C04F79EFBC}") = "Clipt.Interop", "src\Clipt.Interop\Clipt.Interop.csproj", "{E9DB4725-4AD6-4E84-B081-3CA843C1F26E}"
EndProject
Project("{2150E333-8FDC-42A3-9474-1A3956D46DE8}") = "tests", "tests", "{0AB3BF05-4346-4AA6-1389-037BE0695223}"
EndProject
Project("{FAE04EC0-301F-11D3-BF4B-00C04F79EFBC}") = "Clipt.Core.Tests", "tests\Clipt.Core.Tests\Clipt.Core.Tests.csproj", "{9A54ACAB-13EF-4364-8B94-E0167E760491}"
EndProject
Project("{FAE04EC0-301F-11D3-BF4B-00C04F79EFBC}") = "Clipt.Data.Tests", "tests\Clipt.Data.Tests\Clipt.Data.Tests.csproj", "{3BA19DD9-2FB8-40A5-B480-F5C59330716D}"
EndProject
Global
	GlobalSection(SolutionConfigurationPlatforms) = preSolution
		Debug|Any CPU = Debug|Any CPU
		Debug|x64 = Debug|x64
		Debug|x86 = Debug|x86
		Release|Any CPU = Release|Any CPU
		Release|x64 = Release|x64
		Release|x86 = Release|x86
	EndGlobalSection
	GlobalSection(ProjectConfigurationPlatforms) = postSolution
		{018131B6-A46A-43CB-8834-DB9FF1C1814A}.Debug|Any CPU.ActiveCfg = Debug|Any CPU
		{018131B6-A46A-43CB-8834-DB9FF1C1814A}.Debug|Any CPU.Build.0 = Debug|Any CPU
		{018131B6-A46A-43CB-8834-DB9FF1C1814A}.Debug|x64.ActiveCfg = Debug|Any CPU
		{018131B6-A46A-43CB-8834-DB9FF1C1814A}.Debug|x64.Build.0 = Debug|Any CPU
		{018131B6-A46A-43CB-8834-DB9FF1C1814A}.Debug|x86.ActiveCfg = Debug|Any CPU
		{018131B6-A46A-43CB-8834-DB9FF1C1814A}.Debug|x86.Build.0 = Debug|Any CPU
		{018131B6-A46A-43CB-8834-DB9FF1C1814A}.Release|Any CPU.ActiveCfg = Release|Any CPU
		{018131B6-A46A-43CB-8834-DB9FF1C1814A}.Release|Any CPU.Build.0 = Release|Any CPU
		{018131B6-A46A-43CB-8834-DB9FF1C1814A}.Release|x64.ActiveCfg = Release|Any CPU
		{018131B6-A46A-43CB-8834-DB9FF1C1814A}.Release|x64.Build.0 = Release|Any CPU
		{018131B6-A46A-43CB-8834-DB9FF1C1814A}.Release|x86.ActiveCfg = Release|Any CPU
		{018131B6-A46A-43CB-8834-DB9FF1C1814A}.Release|x86.Build.0 = Release|Any CPU
		{B180CBF7-6BEF-4F16-A27C-0C40A778C20C}.Debug|Any CPU.ActiveCfg = Debug|Any CPU
		{B180CBF7-6BEF-4F16-A27C-0C40A778C20C}.Debug|Any CPU.Build.0 = Debug|Any CPU
		{B180CBF7-6BEF-4F16-A27C-0C40A778C20C}.Debug|x64.ActiveCfg = Debug|Any CPU
		{B180CBF7-6BEF-4F16-A27C-0C40A778C20C}.Debug|x64.Build.0 = Debug|Any CPU
		{B180CBF7-6BEF-4F16-A27C-0C40A778C20C}.Debug|x86.ActiveCfg = Debug|Any CPU
		{B180CBF7-6BEF-4F16-A27C-0C40A778C20C}.Debug|x86.Build.0 = Debug|Any CPU
		{B180CBF7-6BEF-4F16-A27C-0C40A778C20C}.Release|Any CPU.ActiveCfg = Release|Any CPU
		{B180CBF7-6BEF-4F16-A27C-0C40A778C20C}.Release|Any CPU.Build.0 = Release|Any CPU
		{B180CBF7-6BEF-4F16-A27C-0C40A778C20C}.Release|x64.ActiveCfg = Release|Any CPU
		{B180CBF7-6BEF-4F16-A27C-0C40A778C20C}.Release|x64.Build.0 = Release|Any CPU
		{B180CBF7-6BEF-4F16-A27C-0C40A778C20C}.Release|x86.ActiveCfg = Release|Any CPU
		{B180CBF7-6BEF-4F16-A27C-0C40A778C20C}.Release|x86.Build.0 = Release|Any CPU
		{1E961C30-D797-4549-AA06-291973D081BF}.Debug|Any CPU.ActiveCfg = Debug|Any CPU
		{1E961C30-D797-4549-AA06-291973D081BF}.Debug|Any CPU.Build.0 = Debug|Any CPU
		{1E961C30-D797-4549-AA06-291973D081BF}.Debug|x64.ActiveCfg = Debug|Any CPU
		{1E961C30-D797-4549-AA06-291973D081BF}.Debug|x64.Build.0 = Debug|Any CPU
		{1E961C30-D797-4549-AA06-291973D081BF}.Debug|x86.ActiveCfg = Debug|Any CPU
		{1E961C30-D797-4549-AA06-291973D081BF}.Debug|x86.Build.0 = Debug|Any CPU
		{1E961C30-D797-4549-AA06-291973D081BF}.Release|Any CPU.ActiveCfg = Release|Any CPU
		{1E961C30-D797-4549-AA06-291973D081BF}.Release|Any CPU.Build.0 = Release|Any CPU
		{1E961C30-D797-4549-AA06-291973D081BF}.Release|x64.ActiveCfg = Release|Any CPU
		{1E961C30-D797-4549-AA06-291973D081BF}.Release|x64.Build.0 = Release|Any CPU
		{1E961C30-D797-4549-AA06-291973D081BF}.Release|x86.ActiveCfg = Release|Any CPU
		{1E961C30-D797-4549-AA06-291973D081BF}.Release|x86.Build.0 = Release|Any CPU
		{E9DB4725-4AD6-4E84-B081-3CA843C1F26E}.Debug|Any CPU.ActiveCfg = Debug|Any CPU
		{E9DB4725-4AD6-4E84-B081-3CA843C1F26E}.Debug|Any CPU.Build.0 = Debug|Any CPU
		{E9DB4725-4AD6-4E84-B081-3CA843C1F26E}.Debug|x64.ActiveCfg = Debug|Any CPU
		{E9DB4725-4AD6-4E84-B081-3CA843C1F26E}.Debug|x64.Build.0 = Debug|Any CPU
		{E9DB4725-4AD6-4E84-B081-3CA843C1F26E}.Debug|x86.ActiveCfg = Debug|Any CPU
		{E9DB4725-4AD6-4E84-B081-3CA843C1F26E}.Debug|x86.Build.0 = Debug|Any CPU
		{E9DB4725-4AD6-4E84-B081-3CA843C1F26E}.Release|Any CPU.ActiveCfg = Release|Any CPU
		{E9DB4725-4AD6-4E84-B081-3CA843C1F26E}.Release|Any CPU.Build.0 = Release|Any CPU
		{E9DB4725-4AD6-4E84-B081-3CA843C1F26E}.Release|x64.ActiveCfg = Release|Any CPU
		{E9DB4725-4AD6-4E84-B081-3CA843C1F26E}.Release|x64.Build.0 = Release|Any CPU
		{E9DB4725-4AD6-4E84-B081-3CA843C1F26E}.Release|x86.ActiveCfg = Release|Any CPU
		{E9DB4725-4AD6-4E84-B081-3CA843C1F26E}.Release|x86.Build.0 = Release|Any CPU
		{9A54ACAB-13EF-4364-8B94-E0167E760491}.Debug|Any CPU.ActiveCfg = Debug|Any CPU
		{9A54ACAB-13EF-4364-8B94-E0167E760491}.Debug|Any CPU.Build.0 = Debug|Any CPU
		{9A54ACAB-13EF-4364-8B94-E0167E760491}.Debug|x64.ActiveCfg = Debug|Any CPU
		{9A54ACAB-13EF-4364-8B94-E0167E760491}.Debug|x64.Build.0 = Debug|Any CPU
		{9A54ACAB-13EF-4364-8B94-E0167E760491}.Debug|x86.ActiveCfg = Debug|Any CPU
		{9A54ACAB-13EF-4364-8B94-E0167E760491}.Debug|x86.Build.0 = Debug|Any CPU
		{9A54ACAB-13EF-4364-8B94-E0167E760491}.Release|Any CPU.ActiveCfg = Release|Any CPU
		{9A54ACAB-13EF-4364-8B94-E0167E760491}.Release|Any CPU.Build.0 = Release|Any CPU
		{9A54ACAB-13EF-4364-8B94-E0167E760491}.Release|x64.ActiveCfg = Release|Any CPU
		{9A54ACAB-13EF-4364-8B94-E0167E760491}.Release|x64.Build.0 = Release|Any CPU
		{9A54ACAB-13EF-4364-8B94-E0167E760491}.Release|x86.ActiveCfg = Release|Any CPU
		{9A54ACAB-13EF-4364-8B94-E0167E760491}.Release|x86.Build.0 = Release|Any CPU
		{3BA19DD9-2FB8-40A5-B480-F5C59330716D}.Debug|Any CPU.ActiveCfg = Debug|Any CPU
		{3BA19DD9-2FB8-40A5-B480-F5C59330716D}.Debug|Any CPU.Build.0 = Debug|Any CPU
		{3BA19DD9-2FB8-40A5-B480-F5C59330716D}.Debug|x64.ActiveCfg = Debug|Any CPU
		{3BA19DD9-2FB8-40A5-B480-F5C59330716D}.Debug|x64.Build.0 = Debug|Any CPU
		{3BA19DD9-2FB8-40A5-B480-F5C59330716D}.Debug|x86.ActiveCfg = Debug|Any CPU
		{3BA19DD9-2FB8-40A5-B480-F5C59330716D}.Debug|x86.Build.0 = Debug|Any CPU
		{3BA19DD9-2FB8-40A5-B480-F5C59330716D}.Release|Any CPU.ActiveCfg = Release|Any CPU
		{3BA19DD9-2FB8-40A5-B480-F5C59330716D}.Release|Any CPU.Build.0 = Release|Any CPU
		{3BA19DD9-2FB8-40A5-B480-F5C59330716D}.Release|x64.ActiveCfg = Release|Any CPU
		{3BA19DD9-2FB8-40A5-B480-F5C59330716D}.Release|x64.Build.0 = Release|Any CPU
		{3BA19DD9-2FB8-40A5-B480-F5C59330716D}.Release|x86.ActiveCfg = Release|Any CPU
		{3BA19DD9-2FB8-40A5-B480-F5C59330716D}.Release|x86.Build.0 = Release|Any CPU
	EndGlobalSection
	GlobalSection(SolutionProperties) = preSolution
		HideSolutionNode = FALSE
	EndGlobalSection
	GlobalSection(NestedProjects) = preSolution
		{018131B6-A46A-43CB-8834-DB9FF1C1814A} = {827E0CD3-B72D-47B6-A68D-7590B98EB39B}
		{B180CBF7-6BEF-4F16-A27C-0C40A778C20C} = {827E0CD3-B72D-47B6-A68D-7590B98EB39B}
		{1E961C30-D797-4549-AA06-291973D081BF} = {827E0CD3-B72D-47B6-A68D-7590B98EB39B}
		{E9DB4725-4AD6-4E84-B081-3CA843C1F26E} = {827E0CD3-B72D-47B6-A68D-7590B98EB39B}
		{9A54ACAB-13EF-4364-8B94-E0167E760491} = {0AB3BF05-4346-4AA6-1389-037BE0695223}
		{3BA19DD9-2FB8-40A5-B480-F5C59330716D} = {0AB3BF05-4346-4AA6-1389-037BE0695223}
	EndGlobalSection
EndGlobal
